
Microsoft Visual Studio Solution File, Format Version 12.00
# Visual Studio Version 17
VisualStudioVersion = 17.9.34616.47
MinimumVisualStudioVersion = 10.0.40219.1
Project("{FAE04EC0-301F-11D3-BF4B-00C04F79EFBC}") = "backend", "backend\backend.csproj", "{76DACAD8-BA06-4618-98B9-71A22372FEE3}"
EndProject
Global
	GlobalSection(SolutionConfigurationPlatforms) = preSolution
		Debug|Any CPU = Debug|Any CPU
		Release|Any CPU = Release|Any CPU
	EndGlobalSection
	GlobalSection(ProjectConfigurationPlatforms) = postSolution
		{76DACAD8-BA06-4618-98B9-71A22372FEE3}.Debug|Any CPU.ActiveCfg = Debug|Any CPU
		{76DACAD8-BA06-4618-98B9-71A22372FEE3}.Debug|Any CPU.Build.0 = Debug|Any CPU
		{76DACAD8-BA06-4618-98B9-71A22372FEE3}.Release|Any CPU.ActiveCfg = Release|Any CPU
		{76DACAD8-BA06-4618-98B9-71A22372FEE3}.Release|Any CPU.Build.0 = Release|Any CPU
	EndGlobalSection
	GlobalSection(SolutionProperties) = preSolution
		HideSolutionNode = FALSE
	EndGlobalSection
	GlobalSection(ExtensibilityGlobals) = postSolution
		SolutionGuid = {10729358-8627-476F-8CA8-E5A5ED8083B0}
	EndGlobalSection
EndGlobal
